
Microsoft Visual Studio Solution File, Format Version 12.00
# Visual Studio Version 17
VisualStudioVersion = 17.11.35312.102
MinimumVisualStudioVersion = 10.0.40219.1
Project("{FAE04EC0-301F-11D3-BF4B-00C04F79EFBC}") = "PGTA_Third_Project", "PGTA_Third_Project.csproj", "{4936DAEB-E887-421D-8BBB-9369D62C70DE}"
EndProject
Global
	GlobalSection(SolutionConfigurationPlatforms) = preSolution
		Debug|Any CPU = Debug|Any CPU
		Release|Any CPU = Release|Any CPU
	EndGlobalSection
	GlobalSection(ProjectConfigurationPlatforms) = postSolution
		{4936DAEB-E887-421D-8BBB-9369D62C70DE}.Debug|Any CPU.ActiveCfg = Debug|Any CPU
		{4936DAEB-E887-421D-8BBB-9369D62C70DE}.Debug|Any CPU.Build.0 = Debug|Any CPU
		{4936DAEB-E887-421D-8BBB-9369D62C70DE}.Release|Any CPU.ActiveCfg = Release|Any CPU
		{4936DAEB-E887-421D-8BBB-9369D62C70DE}.Release|Any CPU.Build.0 = Release|Any CPU
	EndGlobalSection
	GlobalSection(SolutionProperties) = preSolution
		HideSolutionNode = FALSE
	EndGlobalSection
	GlobalSection(ExtensibilityGlobals) = postSolution
		SolutionGuid = {EC520A96-EA94-4F6F-A6EE-7498D37050DE}
	EndGlobalSection
EndGlobal
